Microsoft Visual Studio Solution File, Format Version 12.00
# Visual Studio Version 17
VisualStudioVersion = 17.5.2.0
MinimumVisualStudioVersion = 10.0.40219.1
Project("{FAE04EC0-301F-11D3-BF4B-00C04F79EFBC}") = "LifeManagerBackend", "LifeManagerBackend.csproj", "{F8DF2670-0A48-216B-01D6-CF16C5E270BA}"
EndProject
Global
	GlobalSection(SolutionConfigurationPlatforms) = preSolution
		Debug|Any CPU = Debug|Any CPU
		Release|Any CPU = Release|Any CPU
	EndGlobalSection
	GlobalSection(ProjectConfigurationPlatforms) = postSolution
		{F8DF2670-0A48-216B-01D6-CF16C5E270BA}.Debug|Any CPU.ActiveCfg = Debug|Any CPU
		{F8DF2670-0A48-216B-01D6-CF16C5E270BA}.Debug|Any CPU.Build.0 = Debug|Any CPU
		{F8DF2670-0A48-216B-01D6-CF16C5E270BA}.Release|Any CPU.ActiveCfg = Release|Any CPU
		{F8DF2670-0A48-216B-01D6-CF16C5E270BA}.Release|Any CPU.Build.0 = Release|Any CPU
	EndGlobalSection
	GlobalSection(SolutionProperties) = preSolution
		HideSolutionNode = FALSE
	EndGlobalSection
	GlobalSection(ExtensibilityGlobals) = postSolution
		SolutionGuid = {879C1805-D5B4-4A21-9CF8-65F969360243}
	EndGlobalSection
EndGlobal
